# Generated by buf. DO NOT EDIT.
version: v2
deps:
  - name: buf.build/authaas/identity
    commit: cb9ef3c3aa4c4dd5badb028b5a7e29ff
    digest: b5:798dfd64813654a35a0ae95a6084be7f6b4af23f8b93142d8c8f58056e4b68e48eadd9de90a091d5a2c1bedc2f1d81c16480604f742ba0eedde874070e1baf3e
  - name: buf.build/authaas/token
    commit: 1b86e4d5c13a4142aba26736b2f776a2
    digest: b5:786d6b9e02b26f4fd25720c1bfe22271353ed641b5cb659b73451b35e2989fe9b5bea9893f9cff9f8c057b6c1466b1bb19962547c8a3f50e6cae2501347cb39f
  - name: buf.build/authaas/webauthn
    commit: 108320bc3c2749939c6beefd78758fca
    digest: b5:fdd0a0f6cfb78a1442768ba2b6a4ee8184bf61917c905b0e69c73208a25a65fddf9372023fc6bcbf3eba689b95f3a0e270cc7abc5a40dec33a466ff32faee4b8
  - name: buf.build/authaas/webauthn-credential
    commit: f803877152624afb97012f5fd508d515
    digest: b5:c5c654f625ce8e21b552830b6ddea3bfb2c1bd660e859e339c7b55fe8e8e5eabc61d3ff049e53fe7a4b21e712435782ae14d7edcbc7e9de83fa6c27b22c33b63
