# Generated by buf. DO NOT EDIT.
version: v2
deps:
  - name: buf.build/authaas/identity
    commit: 04b2fff942744196b48f0be12576cb20
    digest: b5:f830b800a7e7dcd4ec9fa8771d7305cd0b671d0894cdc9a88b713db081c964ca21be8306e25c6ba8adffef565cb3d4c29fce4ed72158fd4d24f90b018aa77a68
  - name: buf.build/authaas/token
    commit: 894ff092e8174e2c8c60d9d08a82f57f
    digest: b5:1cfe6347360e7df669abc348f6cee1b75852135c789aed1c4d0cadc2420b1024eb10020329d4fb2be2c8bfb65c461dcd414bd2f7f9d32de4b61c5fcad904a2c7
  - name: buf.build/authaas/webauthn
    commit: 5b4e9f32b2934c62bc24bc464ba7f484
    digest: b5:3191c6df9300437e96e78e1030052ba0e05c520cd8c897e4fb74cf5b3db19e0e31ab22e0f8f205b35547a1297b1df625df04c4797dd9522b946fa1c409d09e95
